
Microsoft Visual Studio Solution File, Format Version 12.00
# Visual Studio Version 16
VisualStudioVersion = 16.0.29905.134
MinimumVisualStudioVersion = 10.0.40219.1
Project("{9A19103F-16F7-4668-BE54-9A1E7A4F7556}") = "HomeManager", "HomeManager\HomeManager.csproj", "{53BC7A4E-AFF4-4C9C-A3F8-512FF72D8AA9}"
EndProject
Project("{FAE04EC0-301F-11D3-BF4B-00C04F79EFBC}") = "UnitTestProject", "UnitTestProject\UnitTestProject.csproj", "{1CF32C3D-000D-47B4-9B38-565228286DC2}"
EndProject
Global
	GlobalSection(SolutionConfigurationPlatforms) = preSolution
		Debug|Any CPU = Debug|Any CPU
		Release|Any CPU = Release|Any CPU
	EndGlobalSection
	GlobalSection(ProjectConfigurationPlatforms) = postSolution
		{53BC7A4E-AFF4-4C9C-A3F8-512FF72D8AA9}.Debug|Any CPU.ActiveCfg = Debug|Any CPU
		{53BC7A4E-AFF4-4C9C-A3F8-512FF72D8AA9}.Debug|Any CPU.Build.0 = Debug|Any CPU
		{53BC7A4E-AFF4-4C9C-A3F8-512FF72D8AA9}.Release|Any CPU.ActiveCfg = Release|Any CPU
		{53BC7A4E-AFF4-4C9C-A3F8-512FF72D8AA9}.Release|Any CPU.Build.0 = Release|Any CPU
		{1CF32C3D-000D-47B4-9B38-565228286DC2}.Debug|Any CPU.ActiveCfg = Debug|Any CPU
		{1CF32C3D-000D-47B4-9B38-565228286DC2}.Debug|Any CPU.Build.0 = Debug|Any CPU
		{1CF32C3D-000D-47B4-9B38-565228286DC2}.Release|Any CPU.ActiveCfg = Release|Any CPU
		{1CF32C3D-000D-47B4-9B38-565228286DC2}.Release|Any CPU.Build.0 = Release|Any CPU
	EndGlobalSection
	GlobalSection(SolutionProperties) = preSolution
		HideSolutionNode = FALSE
	EndGlobalSection
	GlobalSection(ExtensibilityGlobals) = postSolution
		SolutionGuid = {99A0B67A-59C6-4B91-AB8B-E4858EC2B474}
	EndGlobalSection
EndGlobal
